{
  "originHash" : "e4b3142729d94b86b7dc41429abbe20fdd352bde233c4fb802b9d031953dd30e",
  "pins" : [
    {
      "identity" : "pythonkit",
      "kind" : "remoteSourceControl",
      "location" : "https://github.com/pvieito/PythonKit",
      "state" : {
        "branch" : "master",
        "revision" : "d5ba1b3b4834e8c47e0cdf0989f458bc59ab0b45"
      }
    },
    {
      "identity" : "stringmetric.swift",
      "kind" : "remoteSourceControl",
      "location" : "https://github.com/autozimu/StringMetric.swift",
      "state" : {
        "revision" : "ac08419f609e53636bd2d5d140d95d1d14960d6a",
        "version" : "0.3.2"
      }
    }
  ],
  "version" : 3
}
