// !$*UTF8*$!
{
	archiveVersion = 1;
	classes = {
	};
	objectVersion = 70;
	objects = {

/* Begin PBXBuildFile section */
		A377714C2E12B137005E6BC5 /* StringMetric in Frameworks */ = {isa = PBXBuildFile; productRef = A377714B2E12B137005E6BC5 /* StringMetric */; };
		DFAD6E8E2382AABE00FE14F7 /* Assets.xcassets in Resources */ = {isa = PBXBuildFile; fileRef = DFAD6E8D2382AABE00FE14F7 /* Assets.xcassets */; };
		DFAD6E912382AABE00FE14F7 /* LaunchScreen.storyboard in Resources */ = {isa = PBXBuildFile; fileRef = DFAD6E8F2382AABE00FE14F7 /* LaunchScreen.storyboard */; };
/* End PBXBuildFile section */

/* Begin PBXContainerItemProxy section */
		A37771552E12C179005E6BC5 /* PBXContainerItemProxy */ = {
			isa = PBXContainerItemProxy;
			containerPortal = DFAD6E792382AABB00FE14F7 /* Project object */;
			proxyType = 1;
			remoteGlobalIDString = DFAD6E802382AABB00FE14F7;
			remoteInfo = "airbank-ocr-demo";
		};
/* End PBXContainerItemProxy section */

/* Begin PBXFileReference section */
		A37771512E12C179005E6BC5 /* airbank-ocr-demoUITests.xctest */ = {isa = PBXFileReference; explicitFileType = wrapper.cfbundle; includeInIndex = 0; path = "airbank-ocr-demoUITests.xctest"; sourceTree = BUILT_PRODUCTS_DIR; };
		DFAD6E812382AABB00FE14F7 /* airbank-ocr-demo.app */ = {isa = PBXFileReference; explicitFileType = wrapper.application; includeInIndex = 0; path = "airbank-ocr-demo.app"; sourceTree = BUILT_PRODUCTS_DIR; };
		DFAD6E8D2382AABE00FE14F7 /* Assets.xcassets */ = {isa = PBXFileReference; lastKnownFileType = folder.assetcatalog; path = Assets.xcassets; sourceTree = "<group>"; };
		DFAD6E902382AABE00FE14F7 /* Base */ = {isa = PBXFileReference; lastKnownFileType = file.storyboard; name = Base; path = Base.lproj/LaunchScreen.storyboard; sourceTree = "<group>"; };
		DFAD6E922382AABE00FE14F7 /* Info.plist */ = {isa = PBXFileReference; lastKnownFileType = text.plist.xml; path = Info.plist; sourceTree = "<group>"; };
/* End PBXFileReference section */

/* Begin PBXFileSystemSynchronizedRootGroup section */
		A37771622E13D07F005E6BC5 /* Models */ = {isa = PBXFileSystemSynchronizedRootGroup; explicitFileTypes = {}; explicitFolders = (); path = Models; sourceTree = "<group>"; };
		A37771692E13D0F4005E6BC5 /* Views */ = {isa = PBXFileSystemSynchronizedRootGroup; explicitFileTypes = {}; explicitFolders = (); path = Views; sourceTree = "<group>"; };
		A377716A2E13D0FC005E6BC5 /* Controllers */ = {isa = PBXFileSystemSynchronizedRootGroup; explicitFileTypes = {}; explicitFolders = (); path = Controllers; sourceTree = "<group>"; };
/* End PBXFileSystemSynchronizedRootGroup section */

/* Begin PBXFrameworksBuildPhase section */
		A377714E2E12C179005E6BC5 /* Frameworks */ = {
			isa = PBXFrameworksBuildPhase;
			buildActionMask = 2147483647;
			files = (
			);
			runOnlyForDeploymentPostprocessing = 0;
		};
		DFAD6E7E2382AABB00FE14F7 /* Frameworks */ = {
			isa = PBXFrameworksBuildPhase;
			buildActionMask = 2147483647;
			files = (
				A377714C2E12B137005E6BC5 /* StringMetric in Frameworks */,
			);
			runOnlyForDeploymentPostprocessing = 0;
		};
/* End PBXFrameworksBuildPhase section */

/* Begin PBXGroup section */
		DFAD6E782382AABB00FE14F7 = {
			isa = PBXGroup;
			children = (
				DFAD6E832382AABB00FE14F7 /* airbank-ocr-demo */,
				DFAD6E822382AABB00FE14F7 /* Products */,
			);
			sourceTree = "<group>";
		};
		DFAD6E822382AABB00FE14F7 /* Products */ = {
			isa = PBXGroup;
			children = (
				DFAD6E812382AABB00FE14F7 /* airbank-ocr-demo.app */,
				A37771512E12C179005E6BC5 /* airbank-ocr-demoUITests.xctest */,
			);
			name = Products;
			sourceTree = "<group>";
		};
		DFAD6E832382AABB00FE14F7 /* airbank-ocr-demo */ = {
			isa = PBXGroup;
			children = (
				A377716A2E13D0FC005E6BC5 /* Controllers */,
				A37771692E13D0F4005E6BC5 /* Views */,
				A37771622E13D07F005E6BC5 /* Models */,
				DFAD6E8D2382AABE00FE14F7 /* Assets.xcassets */,
				DFAD6E8F2382AABE00FE14F7 /* LaunchScreen.storyboard */,
				DFAD6E922382AABE00FE14F7 /* Info.plist */,
			);
			path = "airbank-ocr-demo";
			sourceTree = "<group>";
		};
/* End PBXGroup section */

/* Begin PBXNativeTarget section */
		A37771502E12C179005E6BC5 /* airbank-ocr-demoUITests */ = {
			isa = PBXNativeTarget;
			buildConfigurationList = A37771572E12C179005E6BC5 /* Build configuration list for PBXNativeTarget "airbank-ocr-demoUITests" */;
			buildPhases = (
				A377714D2E12C179005E6BC5 /* Sources */,
				A377714E2E12C179005E6BC5 /* Frameworks */,
				A377714F2E12C179005E6BC5 /* Resources */,
			);
			buildRules = (
			);
			dependencies = (
				A37771562E12C179005E6BC5 /* PBXTargetDependency */,
			);
			name = "airbank-ocr-demoUITests";
			packageProductDependencies = (
			);
			productName = "airbank-ocr-demoUITests";
			productReference = A37771512E12C179005E6BC5 /* airbank-ocr-demoUITests.xctest */;
			productType = "com.apple.product-type.bundle.unit-test";
		};
		DFAD6E802382AABB00FE14F7 /* airbank-ocr-demo */ = {
			isa = PBXNativeTarget;
			buildConfigurationList = DFAD6E952382AABE00FE14F7 /* Build configuration list for PBXNativeTarget "airbank-ocr-demo" */;
			buildPhases = (
				DFAD6E7D2382AABB00FE14F7 /* Sources */,
				DFAD6E7E2382AABB00FE14F7 /* Frameworks */,
				DFAD6E7F2382AABB00FE14F7 /* Resources */,
			);
			buildRules = (
			);
			dependencies = (
			);
			fileSystemSynchronizedGroups = (
				A37771622E13D07F005E6BC5 /* Models */,
				A37771692E13D0F4005E6BC5 /* Views */,
				A377716A2E13D0FC005E6BC5 /* Controllers */,
			);
			name = "airbank-ocr-demo";
			productName = "airbank-ocr-demo";
			productReference = DFAD6E812382AABB00FE14F7 /* airbank-ocr-demo.app */;
			productType = "com.apple.product-type.application";
		};
/* End PBXNativeTarget section */

/* Begin PBXProject section */
		DFAD6E792382AABB00FE14F7 /* Project object */ = {
			isa = PBXProject;
			attributes = {
				LastSwiftUpdateCheck = 1640;
				LastUpgradeCheck = 1120;
				ORGANIZATIONNAME = "Marek Přidal";
				TargetAttributes = {
					A37771502E12C179005E6BC5 = {
						CreatedOnToolsVersion = 16.4;
						TestTargetID = DFAD6E802382AABB00FE14F7;
					};
					DFAD6E802382AABB00FE14F7 = {
						CreatedOnToolsVersion = 11.2.1;
					};
				};
			};
			buildConfigurationList = DFAD6E7C2382AABB00FE14F7 /* Build configuration list for PBXProject "airbank-ocr-demo" */;
			compatibilityVersion = "Xcode 9.3";
			developmentRegion = en;
			hasScannedForEncodings = 0;
			knownRegions = (
				en,
				Base,
			);
			mainGroup = DFAD6E782382AABB00FE14F7;
			packageReferences = (
				A377714A2E12B136005E6BC5 /* XCRemoteSwiftPackageReference "StringMetric" */,
			);
			productRefGroup = DFAD6E822382AABB00FE14F7 /* Products */;
			projectDirPath = "";
			projectRoot = "";
			targets = (
				DFAD6E802382AABB00FE14F7 /* airbank-ocr-demo */,
				A37771502E12C179005E6BC5 /* airbank-ocr-demoUITests */,
			);
		};
/* End PBXProject section */

/* Begin PBXResourcesBuildPhase section */
		A377714F2E12C179005E6BC5 /* Resources */ = {
			isa = PBXResourcesBuildPhase;
			buildActionMask = 2147483647;
			files = (
			);
			runOnlyForDeploymentPostprocessing = 0;
		};
		DFAD6E7F2382AABB00FE14F7 /* Resources */ = {
			isa = PBXResourcesBuildPhase;
			buildActionMask = 2147483647;
			files = (
				DFAD6E912382AABE00FE14F7 /* LaunchScreen.storyboard in Resources */,
				DFAD6E8E2382AABE00FE14F7 /* Assets.xcassets in Resources */,
			);
			runOnlyForDeploymentPostprocessing = 0;
		};
/* End PBXResourcesBuildPhase section */

/* Begin PBXSourcesBuildPhase section */
		A377714D2E12C179005E6BC5 /* Sources */ = {
			isa = PBXSourcesBuildPhase;
			buildActionMask = 2147483647;
			files = (
			);
			runOnlyForDeploymentPostprocessing = 0;
		};
		DFAD6E7D2382AABB00FE14F7 /* Sources */ = {
			isa = PBXSourcesBuildPhase;
			buildActionMask = 2147483647;
			files = (
			);
			runOnlyForDeploymentPostprocessing = 0;
		};
/* End PBXSourcesBuildPhase section */

/* Begin PBXTargetDependency section */
		A37771562E12C179005E6BC5 /* PBXTargetDependency */ = {
			isa = PBXTargetDependency;
			target = DFAD6E802382AABB00FE14F7 /* airbank-ocr-demo */;
			targetProxy = A37771552E12C179005E6BC5 /* PBXContainerItemProxy */;
		};
/* End PBXTargetDependency section */

/* Begin PBXVariantGroup section */
		DFAD6E8F2382AABE00FE14F7 /* LaunchScreen.storyboard */ = {
			isa = PBXVariantGroup;
			children = (
				DFAD6E902382AABE00FE14F7 /* Base */,
			);
			name = LaunchScreen.storyboard;
			sourceTree = "<group>";
		};
/* End PBXVariantGroup section */

/* Begin XCBuildConfiguration section */
		A37771582E12C179005E6BC5 /* Debug */ = {
			isa = XCBuildConfiguration;
			buildSettings = {
				ASSETCATALOG_COMPILER_GENERATE_SWIFT_ASSET_SYMBOL_EXTENSIONS = YES;
				BUNDLE_LOADER = "$(TEST_HOST)";
				CLANG_CXX_LANGUAGE_STANDARD = "gnu++20";
				CLANG_WARN_QUOTED_INCLUDE_IN_FRAMEWORK_HEADER = YES;
				CODE_SIGN_STYLE = Automatic;
				CURRENT_PROJECT_VERSION = 1;
				DEVELOPMENT_TEAM = 5QXF6Z2NB3;
				ENABLE_USER_SCRIPT_SANDBOXING = YES;
				GCC_C_LANGUAGE_STANDARD = gnu17;
				GENERATE_INFOPLIST_FILE = YES;
				IPHONEOS_DEPLOYMENT_TARGET = 18.5;
				LOCALIZATION_PREFERS_STRING_CATALOGS = YES;
				MARKETING_VERSION = 1.0;
				PRODUCT_BUNDLE_IDENTIFIER = "com.rosemaryyang.airbank-ocr-demoUITests";
				PRODUCT_NAME = "$(TARGET_NAME)";
				SWIFT_ACTIVE_COMPILATION_CONDITIONS = "DEBUG $(inherited)";
				SWIFT_EMIT_LOC_STRINGS = NO;
				SWIFT_VERSION = 5.0;
				TARGETED_DEVICE_FAMILY = "1,2";
				TEST_HOST = "$(BUILT_PRODUCTS_DIR)/airbank-ocr-demo.app/$(BUNDLE_EXECUTABLE_FOLDER_PATH)/airbank-ocr-demo";
			};
			name = Debug;
		};
		A37771592E12C179005E6BC5 /* Release */ = {
			isa = XCBuildConfiguration;
			buildSettings = {
				ASSETCATALOG_COMPILER_GENERATE_SWIFT_ASSET_SYMBOL_EXTENSIONS = YES;
				BUNDLE_LOADER = "$(TEST_HOST)";
				CLANG_CXX_LANGUAGE_STANDARD = "gnu++20";
				CLANG_WARN_QUOTED_INCLUDE_IN_FRAMEWORK_HEADER = YES;
				CODE_SIGN_STYLE = Automatic;
				CURRENT_PROJECT_VERSION = 1;
				DEVELOPMENT_TEAM = 5QXF6Z2NB3;
				ENABLE_USER_SCRIPT_SANDBOXING = YES;
				GCC_C_LANGUAGE_STANDARD = gnu17;
				GENERATE_INFOPLIST_FILE = YES;
				IPHONEOS_DEPLOYMENT_TARGET = 18.5;
				LOCALIZATION_PREFERS_STRING_CATALOGS = YES;
				MARKETING_VERSION = 1.0;
				PRODUCT_BUNDLE_IDENTIFIER = "com.rosemaryyang.airbank-ocr-demoUITests";
				PRODUCT_NAME = "$(TARGET_NAME)";
				SWIFT_EMIT_LOC_STRINGS = NO;
				SWIFT_VERSION = 5.0;
				TARGETED_DEVICE_FAMILY = "1,2";
				TEST_HOST = "$(BUILT_PRODUCTS_DIR)/airbank-ocr-demo.app/$(BUNDLE_EXECUTABLE_FOLDER_PATH)/airbank-ocr-demo";
			};
			name = Release;
		};
		DFAD6E932382AABE00FE14F7 /* Debug */ = {
			isa = XCBuildConfiguration;
			buildSettings = {
				ALWAYS_SEARCH_USER_PATHS = NO;
				CLANG_ANALYZER_NONNULL = YES;
				CLANG_ANALYZER_NUMBER_OBJECT_CONVERSION = YES_AGGRESSIVE;
				CLANG_CXX_LANGUAGE_STANDARD = "gnu++14";
				CLANG_CXX_LIBRARY = "libc++";
				CLANG_ENABLE_MODULES = YES;
				CLANG_ENABLE_OBJC_ARC = YES;
				CLANG_ENABLE_OBJC_WEAK = YES;
				CLANG_WARN_BLOCK_CAPTURE_AUTORELEASING = YES;
				CLANG_WARN_BOOL_CONVERSION = YES;
				CLANG_WARN_COMMA = YES;
				CLANG_WARN_CONSTANT_CONVERSION = YES;
				CLANG_WARN_DEPRECATED_OBJC_IMPLEMENTATIONS = YES;
				CLANG_WARN_DIRECT_OBJC_ISA_USAGE = YES_ERROR;
				CLANG_WARN_DOCUMENTATION_COMMENTS = YES;
				CLANG_WARN_EMPTY_BODY = YES;
				CLANG_WARN_ENUM_CONVERSION = YES;
				CLANG_WARN_INFINITE_RECURSION = YES;
				CLANG_WARN_INT_CONVERSION = YES;
				CLANG_WARN_NON_LITERAL_NULL_CONVERSION = YES;
				CLANG_WARN_OBJC_IMPLICIT_RETAIN_SELF = YES;
				CLANG_WARN_OBJC_LITERAL_CONVERSION = YES;
				CLANG_WARN_OBJC_ROOT_CLASS = YES_ERROR;
				CLANG_WARN_RANGE_LOOP_ANALYSIS = YES;
				CLANG_WARN_STRICT_PROTOTYPES = YES;
				CLANG_WARN_SUSPICIOUS_MOVE = YES;
				CLANG_WARN_UNGUARDED_AVAILABILITY = YES_AGGRESSIVE;
				CLANG_WARN_UNREACHABLE_CODE = YES;
				CLANG_WARN__DUPLICATE_METHOD_MATCH = YES;
				COPY_PHASE_STRIP = NO;
				DEBUG_INFORMATION_FORMAT = dwarf;
				ENABLE_STRICT_OBJC_MSGSEND = YES;
				ENABLE_TESTABILITY = YES;
				GCC_C_LANGUAGE_STANDARD = gnu11;
				GCC_DYNAMIC_NO_PIC = NO;
				GCC_NO_COMMON_BLOCKS = YES;
				GCC_OPTIMIZATION_LEVEL = 0;
				GCC_PREPROCESSOR_DEFINITIONS = (
					"DEBUG=1",
					"$(inherited)",
				);
				GCC_WARN_64_TO_32_BIT_CONVERSION = YES;
				GCC_WARN_ABOUT_RETURN_TYPE = YES_ERROR;
				GCC_WARN_UNDECLARED_SELECTOR = YES;
				GCC_WARN_UNINITIALIZED_AUTOS = YES_AGGRESSIVE;
				GCC_WARN_UNUSED_FUNCTION = YES;
				GCC_WARN_UNUSED_VARIABLE = YES;
				IPHONEOS_DEPLOYMENT_TARGET = 13.2;
				MTL_ENABLE_DEBUG_INFO = INCLUDE_SOURCE;
				MTL_FAST_MATH = YES;
				ONLY_ACTIVE_ARCH = YES;
				SDKROOT = iphoneos;
				SWIFT_ACTIVE_COMPILATION_CONDITIONS = DEBUG;
				SWIFT_OPTIMIZATION_LEVEL = "-Onone";
			};
			name = Debug;
		};
		DFAD6E942382AABE00FE14F7 /* Release */ = {
			isa = XCBuildConfiguration;
			buildSettings = {
				ALWAYS_SEARCH_USER_PATHS = NO;
				CLANG_ANALYZER_NONNULL = YES;
				CLANG_ANALYZER_NUMBER_OBJECT_CONVERSION = YES_AGGRESSIVE;
				CLANG_CXX_LANGUAGE_STANDARD = "gnu++14";
				CLANG_CXX_LIBRARY = "libc++";
				CLANG_ENABLE_MODULES = YES;
				CLANG_ENABLE_OBJC_ARC = YES;
				CLANG_ENABLE_OBJC_WEAK = YES;
				CLANG_WARN_BLOCK_CAPTURE_AUTORELEASING = YES;
				CLANG_WARN_BOOL_CONVERSION = YES;
				CLANG_WARN_COMMA = YES;
				CLANG_WARN_CONSTANT_CONVERSION = YES;
				CLANG_WARN_DEPRECATED_OBJC_IMPLEMENTATIONS = YES;
				CLANG_WARN_DIRECT_OBJC_ISA_USAGE = YES_ERROR;
				CLANG_WARN_DOCUMENTATION_COMMENTS = YES;
				CLANG_WARN_EMPTY_BODY = YES;
				CLANG_WARN_ENUM_CONVERSION = YES;
				CLANG_WARN_INFINITE_RECURSION = YES;
				CLANG_WARN_INT_CONVERSION = YES;
				CLANG_WARN_NON_LITERAL_NULL_CONVERSION = YES;
				CLANG_WARN_OBJC_IMPLICIT_RETAIN_SELF = YES;
				CLANG_WARN_OBJC_LITERAL_CONVERSION = YES;
				CLANG_WARN_OBJC_ROOT_CLASS = YES_ERROR;
				CLANG_WARN_RANGE_LOOP_ANALYSIS = YES;
				CLANG_WARN_STRICT_PROTOTYPES = YES;
				CLANG_WARN_SUSPICIOUS_MOVE = YES;
				CLANG_WARN_UNGUARDED_AVAILABILITY = YES_AGGRESSIVE;
				CLANG_WARN_UNREACHABLE_CODE = YES;
				CLANG_WARN__DUPLICATE_METHOD_MATCH = YES;
				COPY_PHASE_STRIP = NO;
				DEBUG_INFORMATION_FORMAT = "dwarf-with-dsym";
				ENABLE_NS_ASSERTIONS = NO;
				ENABLE_STRICT_OBJC_MSGSEND = YES;
				GCC_C_LANGUAGE_STANDARD = gnu11;
				GCC_NO_COMMON_BLOCKS = YES;
				GCC_WARN_64_TO_32_BIT_CONVERSION = YES;
				GCC_WARN_ABOUT_RETURN_TYPE = YES_ERROR;
				GCC_WARN_UNDECLARED_SELECTOR = YES;
				GCC_WARN_UNINITIALIZED_AUTOS = YES_AGGRESSIVE;
				GCC_WARN_UNUSED_FUNCTION = YES;
				GCC_WARN_UNUSED_VARIABLE = YES;
				IPHONEOS_DEPLOYMENT_TARGET = 13.2;
				MTL_ENABLE_DEBUG_INFO = NO;
				MTL_FAST_MATH = YES;
				SDKROOT = iphoneos;
				SWIFT_COMPILATION_MODE = wholemodule;
				SWIFT_OPTIMIZATION_LEVEL = "-O";
				VALIDATE_PRODUCT = YES;
			};
			name = Release;
		};
		DFAD6E962382AABE00FE14F7 /* Debug */ = {
			isa = XCBuildConfiguration;
			buildSettings = {
				ASSETCATALOG_COMPILER_APPICON_NAME = AppIcon;
				CODE_SIGN_STYLE = Automatic;
				DEVELOPMENT_TEAM = 5QXF6Z2NB3;
				INFOPLIST_FILE = "airbank-ocr-demo/Info.plist";
				LD_RUNPATH_SEARCH_PATHS = (
					"$(inherited)",
					"@executable_path/Frameworks",
				);
				PRODUCT_BUNDLE_IDENTIFIER = com.rosemaryyang.testOCR;
				PRODUCT_NAME = "$(TARGET_NAME)";
				SWIFT_VERSION = 5.0;
				TARGETED_DEVICE_FAMILY = "1,2";
			};
			name = Debug;
		};
		DFAD6E972382AABE00FE14F7 /* Release */ = {
			isa = XCBuildConfiguration;
			buildSettings = {
				ASSETCATALOG_COMPILER_APPICON_NAME = AppIcon;
				CODE_SIGN_STYLE = Automatic;
				DEVELOPMENT_TEAM = 5QXF6Z2NB3;
				INFOPLIST_FILE = "airbank-ocr-demo/Info.plist";
				LD_RUNPATH_SEARCH_PATHS = (
					"$(inherited)",
					"@executable_path/Frameworks",
				);
				PRODUCT_BUNDLE_IDENTIFIER = com.rosemaryyang.testOCR;
				PRODUCT_NAME = "$(TARGET_NAME)";
				SWIFT_VERSION = 5.0;
				TARGETED_DEVICE_FAMILY = "1,2";
			};
			name = Release;
		};
/* End XCBuildConfiguration section */

/* Begin XCConfigurationList section */
		A37771572E12C179005E6BC5 /* Build configuration list for PBXNativeTarget "airbank-ocr-demoUITests" */ = {
			isa = XCConfigurationList;
			buildConfigurations = (
				A37771582E12C179005E6BC5 /* Debug */,
				A37771592E12C179005E6BC5 /* Release */,
			);
			defaultConfigurationIsVisible = 0;
			defaultConfigurationName = Release;
		};
		DFAD6E7C2382AABB00FE14F7 /* Build configuration list for PBXProject "airbank-ocr-demo" */ = {
			isa = XCConfigurationList;
			buildConfigurations = (
				DFAD6E932382AABE00FE14F7 /* Debug */,
				DFAD6E942382AABE00FE14F7 /* Release */,
			);
			defaultConfigurationIsVisible = 0;
			defaultConfigurationName = Release;
		};
		DFAD6E952382AABE00FE14F7 /* Build configuration list for PBXNativeTarget "airbank-ocr-demo" */ = {
			isa = XCConfigurationList;
			buildConfigurations = (
				DFAD6E962382AABE00FE14F7 /* Debug */,
				DFAD6E972382AABE00FE14F7 /* Release */,
			);
			defaultConfigurationIsVisible = 0;
			defaultConfigurationName = Release;
		};
/* End XCConfigurationList section */

/* Begin XCRemoteSwiftPackageReference section */
		A377714A2E12B136005E6BC5 /* XCRemoteSwiftPackageReference "StringMetric" */ = {
			isa = XCRemoteSwiftPackageReference;
			repositoryURL = "https://github.com/autozimu/StringMetric.swift";
			requirement = {
				kind = upToNextMajorVersion;
				minimumVersion = 0.3.2;
			};
		};
/* End XCRemoteSwiftPackageReference section */

/* Begin XCSwiftPackageProductDependency section */
		A377714B2E12B137005E6BC5 /* StringMetric */ = {
			isa = XCSwiftPackageProductDependency;
			package = A377714A2E12B136005E6BC5 /* XCRemoteSwiftPackageReference "StringMetric" */;
			productName = StringMetric;
		};
/* End XCSwiftPackageProductDependency section */
	};
	rootObject = DFAD6E792382AABB00FE14F7 /* Project object */;
}
